
Microsoft Visual Studio Solution File, Format Version 12.00
# Visual Studio 2013
VisualStudioVersion = 12.0.21005.1
MinimumVisualStudioVersion = 10.0.40219.1
Project("{FAE04EC0-301F-11D3-BF4B-00C04F79EFBC}") = "Clank.Core", "Clank\Clank.Core.csproj", "{17E4DACD-74DC-4197-8142-911DC0833C7A}"
EndProject
Project("{FAE04EC0-301F-11D3-BF4B-00C04F79EFBC}") = "Clank.Compiler", "Clank.Compiler\Clank.Compiler.csproj", "{16B7ABE0-12C7-41C2-9BAB-DE736813CE95}"
EndProject
Project("{FAE04EC0-301F-11D3-BF4B-00C04F79EFBC}") = "Clank.IDE", "Clank.IDE\Clank.IDE.csproj", "{947A1E5B-6FD3-4E4D-AE29-15F43DF7E478}"
EndProject
Project("{FAE04EC0-301F-11D3-BF4B-00C04F79EFBC}") = "ICSharpCode.TextEditor", "Editor\ICSharpCode.TextEditor.csproj", "{2D18BE89-D210-49EB-A9DD-2246FBB3DF6D}"
EndProject
Global
	GlobalSection(SolutionConfigurationPlatforms) = preSolution
		Debug|Any CPU = Debug|Any CPU
		Release|Any CPU = Release|Any CPU
	EndGlobalSection
	GlobalSection(ProjectConfigurationPlatforms) = postSolution
		{17E4DACD-74DC-4197-8142-911DC0833C7A}.Debug|Any CPU.ActiveCfg = Debug|Any CPU
		{17E4DACD-74DC-4197-8142-911DC0833C7A}.Debug|Any CPU.Build.0 = Debug|Any CPU
		{17E4DACD-74DC-4197-8142-911DC0833C7A}.Release|Any CPU.ActiveCfg = Release|Any CPU
		{17E4DACD-74DC-4197-8142-911DC0833C7A}.Release|Any CPU.Build.0 = Release|Any CPU
		{16B7ABE0-12C7-41C2-9BAB-DE736813CE95}.Debug|Any CPU.ActiveCfg = Debug|Any CPU
		{16B7ABE0-12C7-41C2-9BAB-DE736813CE95}.Debug|Any CPU.Build.0 = Debug|Any CPU
		{16B7ABE0-12C7-41C2-9BAB-DE736813CE95}.Release|Any CPU.ActiveCfg = Release|Any CPU
		{16B7ABE0-12C7-41C2-9BAB-DE736813CE95}.Release|Any CPU.Build.0 = Release|Any CPU
		{947A1E5B-6FD3-4E4D-AE29-15F43DF7E478}.Debug|Any CPU.ActiveCfg = Debug|Any CPU
		{947A1E5B-6FD3-4E4D-AE29-15F43DF7E478}.Debug|Any CPU.Build.0 = Debug|Any CPU
		{947A1E5B-6FD3-4E4D-AE29-15F43DF7E478}.Release|Any CPU.ActiveCfg = Release|Any CPU
		{947A1E5B-6FD3-4E4D-AE29-15F43DF7E478}.Release|Any CPU.Build.0 = Release|Any CPU
		{2D18BE89-D210-49EB-A9DD-2246FBB3DF6D}.Debug|Any CPU.ActiveCfg = Debug|Any CPU
		{2D18BE89-D210-49EB-A9DD-2246FBB3DF6D}.Debug|Any CPU.Build.0 = Debug|Any CPU
		{2D18BE89-D210-49EB-A9DD-2246FBB3DF6D}.Release|Any CPU.ActiveCfg = Release|Any CPU
		{2D18BE89-D210-49EB-A9DD-2246FBB3DF6D}.Release|Any CPU.Build.0 = Release|Any CPU
	EndGlobalSection
	GlobalSection(SolutionProperties) = preSolution
		HideSolutionNode = FALSE
	EndGlobalSection
EndGlobal
